
Microsoft Visual Studio Solution File, Format Version 12.00
# Visual Studio Version 17
VisualStudioVersion = 17.0.31903.59
MinimumVisualStudioVersion = 10.0.40219.1
Project("{2150E333-8FDC-42A3-9474-1A3956D46DE8}") = "proj", "proj", "{E0646F15-01CD-F564-1BA1-3B06AC80F086}"
EndProject
Project("{2150E333-8FDC-42A3-9474-1A3956D46DE8}") = "Ngaq.Android", "Ngaq.Android", "{DC3C8E7A-3FCC-F5B4-0F43-153B985B0DAF}"
EndProject
Project("{FAE04EC0-301F-11D3-BF4B-00C04F79EFBC}") = "Ngaq.Ui.Android", "proj\Ngaq.Android\Ngaq.Ui.Android.csproj", "{681C0A98-035C-4C1A-A5A9-CBC0073AD1DD}"
EndProject
Project("{FAE04EC0-301F-11D3-BF4B-00C04F79EFBC}") = "Ngaq.Ui.Browser", "proj\Ngaq.Browser\Ngaq.Ui.Browser.csproj", "{D0DC15BD-3C39-4E8E-AE3E-04CB53AC3539}"
EndProject
Project("{FAE04EC0-301F-11D3-BF4B-00C04F79EFBC}") = "Ngaq.Ui.iOS", "proj\Ngaq.Ios\Ngaq.Ui.iOS.csproj", "{7651A4E2-CE62-4575-A32B-3BA514426F3B}"
EndProject
Project("{FAE04EC0-301F-11D3-BF4B-00C04F79EFBC}") = "Ngaq.Ui", "proj\Ngaq.Ui\Ngaq.Ui.csproj", "{FFA4C3CC-2C78-47ED-A85C-5D77A6871506}"
EndProject
Project("{FAE04EC0-301F-11D3-BF4B-00C04F79EFBC}") = "Ngaq.Windows", "proj\Ngaq.Windows\Ngaq.Windows.csproj", "{A5D825FE-4520-4C4B-803A-A077281B7FB1}"
EndProject
Project("{FAE04EC0-301F-11D3-BF4B-00C04F79EFBC}") = "Tsinswreng.Avalonia", "proj\Tsinswreng.Avalonia\Tsinswreng.Avalonia.csproj", "{9ED9E082-F83F-40B0-B9D5-A268CE6CFEDE}"
EndProject
Project("{FAE04EC0-301F-11D3-BF4B-00C04F79EFBC}") = "Ngaq.Core", "Ngaq.Core\Ngaq.Core.csproj", "{77CC5FAD-418A-45F4-A09F-C0C296631D28}"
EndProject
Project("{FAE04EC0-301F-11D3-BF4B-00C04F79EFBC}") = "Ngaq.Local", "Ngaq.Local\Ngaq.Local.csproj", "{1401B327-021F-44B1-B18E-7F62355A18C2}"
EndProject
Global
	GlobalSection(SolutionConfigurationPlatforms) = preSolution
		Debug|Any CPU = Debug|Any CPU
		Debug|x64 = Debug|x64
		Debug|x86 = Debug|x86
		Release|Any CPU = Release|Any CPU
		Release|x64 = Release|x64
		Release|x86 = Release|x86
	EndGlobalSection
	GlobalSection(ProjectConfigurationPlatforms) = postSolution
		{681C0A98-035C-4C1A-A5A9-CBC0073AD1DD}.Debug|Any CPU.ActiveCfg = Debug|Any CPU
		{681C0A98-035C-4C1A-A5A9-CBC0073AD1DD}.Debug|Any CPU.Build.0 = Debug|Any CPU
		{681C0A98-035C-4C1A-A5A9-CBC0073AD1DD}.Debug|x64.ActiveCfg = Debug|Any CPU
		{681C0A98-035C-4C1A-A5A9-CBC0073AD1DD}.Debug|x64.Build.0 = Debug|Any CPU
		{681C0A98-035C-4C1A-A5A9-CBC0073AD1DD}.Debug|x86.ActiveCfg = Debug|Any CPU
		{681C0A98-035C-4C1A-A5A9-CBC0073AD1DD}.Debug|x86.Build.0 = Debug|Any CPU
		{681C0A98-035C-4C1A-A5A9-CBC0073AD1DD}.Release|Any CPU.ActiveCfg = Release|Any CPU
		{681C0A98-035C-4C1A-A5A9-CBC0073AD1DD}.Release|Any CPU.Build.0 = Release|Any CPU
		{681C0A98-035C-4C1A-A5A9-CBC0073AD1DD}.Release|x64.ActiveCfg = Release|Any CPU
		{681C0A98-035C-4C1A-A5A9-CBC0073AD1DD}.Release|x64.Build.0 = Release|Any CPU
		{681C0A98-035C-4C1A-A5A9-CBC0073AD1DD}.Release|x86.ActiveCfg = Release|Any CPU
		{681C0A98-035C-4C1A-A5A9-CBC0073AD1DD}.Release|x86.Build.0 = Release|Any CPU
		{D0DC15BD-3C39-4E8E-AE3E-04CB53AC3539}.Debug|Any CPU.ActiveCfg = Debug|Any CPU
		{D0DC15BD-3C39-4E8E-AE3E-04CB53AC3539}.Debug|Any CPU.Build.0 = Debug|Any CPU
		{D0DC15BD-3C39-4E8E-AE3E-04CB53AC3539}.Debug|x64.ActiveCfg = Debug|Any CPU
		{D0DC15BD-3C39-4E8E-AE3E-04CB53AC3539}.Debug|x64.Build.0 = Debug|Any CPU
		{D0DC15BD-3C39-4E8E-AE3E-04CB53AC3539}.Debug|x86.ActiveCfg = Debug|Any CPU
		{D0DC15BD-3C39-4E8E-AE3E-04CB53AC3539}.Debug|x86.Build.0 = Debug|Any CPU
		{D0DC15BD-3C39-4E8E-AE3E-04CB53AC3539}.Release|Any CPU.ActiveCfg = Release|Any CPU
		{D0DC15BD-3C39-4E8E-AE3E-04CB53AC3539}.Release|Any CPU.Build.0 = Release|Any CPU
		{D0DC15BD-3C39-4E8E-AE3E-04CB53AC3539}.Release|x64.ActiveCfg = Release|Any CPU
		{D0DC15BD-3C39-4E8E-AE3E-04CB53AC3539}.Release|x64.Build.0 = Release|Any CPU
		{D0DC15BD-3C39-4E8E-AE3E-04CB53AC3539}.Release|x86.ActiveCfg = Release|Any CPU
		{D0DC15BD-3C39-4E8E-AE3E-04CB53AC3539}.Release|x86.Build.0 = Release|Any CPU
		{7651A4E2-CE62-4575-A32B-3BA514426F3B}.Debug|Any CPU.ActiveCfg = Debug|Any CPU
		{7651A4E2-CE62-4575-A32B-3BA514426F3B}.Debug|Any CPU.Build.0 = Debug|Any CPU
		{7651A4E2-CE62-4575-A32B-3BA514426F3B}.Debug|x64.ActiveCfg = Debug|Any CPU
		{7651A4E2-CE62-4575-A32B-3BA514426F3B}.Debug|x64.Build.0 = Debug|Any CPU
		{7651A4E2-CE62-4575-A32B-3BA514426F3B}.Debug|x86.ActiveCfg = Debug|Any CPU
		{7651A4E2-CE62-4575-A32B-3BA514426F3B}.Debug|x86.Build.0 = Debug|Any CPU
		{7651A4E2-CE62-4575-A32B-3BA514426F3B}.Release|Any CPU.ActiveCfg = Release|Any CPU
		{7651A4E2-CE62-4575-A32B-3BA514426F3B}.Release|Any CPU.Build.0 = Release|Any CPU
		{7651A4E2-CE62-4575-A32B-3BA514426F3B}.Release|x64.ActiveCfg = Release|Any CPU
		{7651A4E2-CE62-4575-A32B-3BA514426F3B}.Release|x64.Build.0 = Release|Any CPU
		{7651A4E2-CE62-4575-A32B-3BA514426F3B}.Release|x86.ActiveCfg = Release|Any CPU
		{7651A4E2-CE62-4575-A32B-3BA514426F3B}.Release|x86.Build.0 = Release|Any CPU
		{FFA4C3CC-2C78-47ED-A85C-5D77A6871506}.Debug|Any CPU.ActiveCfg = Debug|Any CPU
		{FFA4C3CC-2C78-47ED-A85C-5D77A6871506}.Debug|Any CPU.Build.0 = Debug|Any CPU
		{FFA4C3CC-2C78-47ED-A85C-5D77A6871506}.Debug|x64.ActiveCfg = Debug|Any CPU
		{FFA4C3CC-2C78-47ED-A85C-5D77A6871506}.Debug|x64.Build.0 = Debug|Any CPU
		{FFA4C3CC-2C78-47ED-A85C-5D77A6871506}.Debug|x86.ActiveCfg = Debug|Any CPU
		{FFA4C3CC-2C78-47ED-A85C-5D77A6871506}.Debug|x86.Build.0 = Debug|Any CPU
		{FFA4C3CC-2C78-47ED-A85C-5D77A6871506}.Release|Any CPU.ActiveCfg = Release|Any CPU
		{FFA4C3CC-2C78-47ED-A85C-5D77A6871506}.Release|Any CPU.Build.0 = Release|Any CPU
		{FFA4C3CC-2C78-47ED-A85C-5D77A6871506}.Release|x64.ActiveCfg = Release|Any CPU
		{FFA4C3CC-2C78-47ED-A85C-5D77A6871506}.Release|x64.Build.0 = Release|Any CPU
		{FFA4C3CC-2C78-47ED-A85C-5D77A6871506}.Release|x86.ActiveCfg = Release|Any CPU
		{FFA4C3CC-2C78-47ED-A85C-5D77A6871506}.Release|x86.Build.0 = Release|Any CPU
		{A5D825FE-4520-4C4B-803A-A077281B7FB1}.Debug|Any CPU.ActiveCfg = Debug|Any CPU
		{A5D825FE-4520-4C4B-803A-A077281B7FB1}.Debug|Any CPU.Build.0 = Debug|Any CPU
		{A5D825FE-4520-4C4B-803A-A077281B7FB1}.Debug|x64.ActiveCfg = Debug|Any CPU
		{A5D825FE-4520-4C4B-803A-A077281B7FB1}.Debug|x64.Build.0 = Debug|Any CPU
		{A5D825FE-4520-4C4B-803A-A077281B7FB1}.Debug|x86.ActiveCfg = Debug|Any CPU
		{A5D825FE-4520-4C4B-803A-A077281B7FB1}.Debug|x86.Build.0 = Debug|Any CPU
		{A5D825FE-4520-4C4B-803A-A077281B7FB1}.Release|Any CPU.ActiveCfg = Release|Any CPU
		{A5D825FE-4520-4C4B-803A-A077281B7FB1}.Release|Any CPU.Build.0 = Release|Any CPU
		{A5D825FE-4520-4C4B-803A-A077281B7FB1}.Release|x64.ActiveCfg = Release|Any CPU
		{A5D825FE-4520-4C4B-803A-A077281B7FB1}.Release|x64.Build.0 = Release|Any CPU
		{A5D825FE-4520-4C4B-803A-A077281B7FB1}.Release|x86.ActiveCfg = Release|Any CPU
		{A5D825FE-4520-4C4B-803A-A077281B7FB1}.Release|x86.Build.0 = Release|Any CPU
		{9ED9E082-F83F-40B0-B9D5-A268CE6CFEDE}.Debug|Any CPU.ActiveCfg = Debug|Any CPU
		{9ED9E082-F83F-40B0-B9D5-A268CE6CFEDE}.Debug|Any CPU.Build.0 = Debug|Any CPU
		{9ED9E082-F83F-40B0-B9D5-A268CE6CFEDE}.Debug|x64.ActiveCfg = Debug|Any CPU
		{9ED9E082-F83F-40B0-B9D5-A268CE6CFEDE}.Debug|x64.Build.0 = Debug|Any CPU
		{9ED9E082-F83F-40B0-B9D5-A268CE6CFEDE}.Debug|x86.ActiveCfg = Debug|Any CPU
		{9ED9E082-F83F-40B0-B9D5-A268CE6CFEDE}.Debug|x86.Build.0 = Debug|Any CPU
		{9ED9E082-F83F-40B0-B9D5-A268CE6CFEDE}.Release|Any CPU.ActiveCfg = Release|Any CPU
		{9ED9E082-F83F-40B0-B9D5-A268CE6CFEDE}.Release|Any CPU.Build.0 = Release|Any CPU
		{9ED9E082-F83F-40B0-B9D5-A268CE6CFEDE}.Release|x64.ActiveCfg = Release|Any CPU
		{9ED9E082-F83F-40B0-B9D5-A268CE6CFEDE}.Release|x64.Build.0 = Release|Any CPU
		{9ED9E082-F83F-40B0-B9D5-A268CE6CFEDE}.Release|x86.ActiveCfg = Release|Any CPU
		{9ED9E082-F83F-40B0-B9D5-A268CE6CFEDE}.Release|x86.Build.0 = Release|Any CPU
		{77CC5FAD-418A-45F4-A09F-C0C296631D28}.Debug|Any CPU.ActiveCfg = Debug|Any CPU
		{77CC5FAD-418A-45F4-A09F-C0C296631D28}.Debug|Any CPU.Build.0 = Debug|Any CPU
		{77CC5FAD-418A-45F4-A09F-C0C296631D28}.Debug|x64.ActiveCfg = Debug|Any CPU
		{77CC5FAD-418A-45F4-A09F-C0C296631D28}.Debug|x64.Build.0 = Debug|Any CPU
		{77CC5FAD-418A-45F4-A09F-C0C296631D28}.Debug|x86.ActiveCfg = Debug|Any CPU
		{77CC5FAD-418A-45F4-A09F-C0C296631D28}.Debug|x86.Build.0 = Debug|Any CPU
		{77CC5FAD-418A-45F4-A09F-C0C296631D28}.Release|Any CPU.ActiveCfg = Release|Any CPU
		{77CC5FAD-418A-45F4-A09F-C0C296631D28}.Release|Any CPU.Build.0 = Release|Any CPU
		{77CC5FAD-418A-45F4-A09F-C0C296631D28}.Release|x64.ActiveCfg = Release|Any CPU
		{77CC5FAD-418A-45F4-A09F-C0C296631D28}.Release|x64.Build.0 = Release|Any CPU
		{77CC5FAD-418A-45F4-A09F-C0C296631D28}.Release|x86.ActiveCfg = Release|Any CPU
		{77CC5FAD-418A-45F4-A09F-C0C296631D28}.Release|x86.Build.0 = Release|Any CPU
		{1401B327-021F-44B1-B18E-7F62355A18C2}.Debug|Any CPU.ActiveCfg = Debug|Any CPU
		{1401B327-021F-44B1-B18E-7F62355A18C2}.Debug|Any CPU.Build.0 = Debug|Any CPU
		{1401B327-021F-44B1-B18E-7F62355A18C2}.Debug|x64.ActiveCfg = Debug|Any CPU
		{1401B327-021F-44B1-B18E-7F62355A18C2}.Debug|x64.Build.0 = Debug|Any CPU
		{1401B327-021F-44B1-B18E-7F62355A18C2}.Debug|x86.ActiveCfg = Debug|Any CPU
		{1401B327-021F-44B1-B18E-7F62355A18C2}.Debug|x86.Build.0 = Debug|Any CPU
		{1401B327-021F-44B1-B18E-7F62355A18C2}.Release|Any CPU.ActiveCfg = Release|Any CPU
		{1401B327-021F-44B1-B18E-7F62355A18C2}.Release|Any CPU.Build.0 = Release|Any CPU
		{1401B327-021F-44B1-B18E-7F62355A18C2}.Release|x64.ActiveCfg = Release|Any CPU
		{1401B327-021F-44B1-B18E-7F62355A18C2}.Release|x64.Build.0 = Release|Any CPU
		{1401B327-021F-44B1-B18E-7F62355A18C2}.Release|x86.ActiveCfg = Release|Any CPU
		{1401B327-021F-44B1-B18E-7F62355A18C2}.Release|x86.Build.0 = Release|Any CPU
	EndGlobalSection
	GlobalSection(SolutionProperties) = preSolution
		HideSolutionNode = FALSE
	EndGlobalSection
	GlobalSection(NestedProjects) = preSolution
		{DC3C8E7A-3FCC-F5B4-0F43-153B985B0DAF} = {E0646F15-01CD-F564-1BA1-3B06AC80F086}
		{681C0A98-035C-4C1A-A5A9-CBC0073AD1DD} = {DC3C8E7A-3FCC-F5B4-0F43-153B985B0DAF}
		{D0DC15BD-3C39-4E8E-AE3E-04CB53AC3539} = {DC3C8E7A-3FCC-F5B4-0F43-153B985B0DAF}
		{7651A4E2-CE62-4575-A32B-3BA514426F3B} = {DC3C8E7A-3FCC-F5B4-0F43-153B985B0DAF}
		{FFA4C3CC-2C78-47ED-A85C-5D77A6871506} = {DC3C8E7A-3FCC-F5B4-0F43-153B985B0DAF}
		{A5D825FE-4520-4C4B-803A-A077281B7FB1} = {DC3C8E7A-3FCC-F5B4-0F43-153B985B0DAF}
		{9ED9E082-F83F-40B0-B9D5-A268CE6CFEDE} = {DC3C8E7A-3FCC-F5B4-0F43-153B985B0DAF}
	EndGlobalSection
EndGlobal
