
Microsoft Visual Studio Solution File, Format Version 12.00
# Visual Studio Version 17
VisualStudioVersion = 17.0.31903.59
MinimumVisualStudioVersion = 10.0.40219.1
Project("{2150E333-8FDC-42A3-9474-1A3956D46DE8}") = "proj", "proj", "{E0646F15-01CD-F564-1BA1-3B06AC80F086}"
EndProject
Project("{2150E333-8FDC-42A3-9474-1A3956D46DE8}") = "Ngaq.Android", "Ngaq.Android", "{DC3C8E7A-3FCC-F5B4-0F43-153B985B0DAF}"
EndProject
Project("{FAE04EC0-301F-11D3-BF4B-00C04F79EFBC}") = "Ngaq.Ui.Android", "proj\Ngaq.Android\Ngaq.Ui.Android.csproj", "{56DF9CD8-3DEB-415C-A542-C73FAA6EE2B1}"
EndProject
Project("{FAE04EC0-301F-11D3-BF4B-00C04F79EFBC}") = "Ngaq.Ui.Browser", "proj\Ngaq.Browser\Ngaq.Ui.Browser.csproj", "{E3F70E1C-95C8-4E3F-A27B-5A6EEEFAD3DB}"
EndProject
Project("{FAE04EC0-301F-11D3-BF4B-00C04F79EFBC}") = "Ngaq.Ui.iOS", "proj\Ngaq.Ios\Ngaq.Ui.iOS.csproj", "{48CFBFC2-BBD2-4590-8FA0-A590B2BA9BB9}"
EndProject
Project("{FAE04EC0-301F-11D3-BF4B-00C04F79EFBC}") = "Ngaq.Ui", "proj\Ngaq.Ui\Ngaq.Ui.csproj", "{50F819BB-0C73-499B-AE5B-C1A6E85A3B81}"
EndProject
Project("{FAE04EC0-301F-11D3-BF4B-00C04F79EFBC}") = "Ngaq.Windows", "proj\Ngaq.Windows\Ngaq.Windows.csproj", "{5106B017-F970-424B-B984-2BFBFCF20AAC}"
EndProject
Project("{FAE04EC0-301F-11D3-BF4B-00C04F79EFBC}") = "Tsinswreng", "proj\Tsinswreng\Tsinswreng.csproj", "{6AF980F2-4FBF-4BB8-969B-FEEBFE52E0E1}"
EndProject
Global
	GlobalSection(SolutionConfigurationPlatforms) = preSolution
		Debug|Any CPU = Debug|Any CPU
		Debug|x64 = Debug|x64
		Debug|x86 = Debug|x86
		Release|Any CPU = Release|Any CPU
		Release|x64 = Release|x64
		Release|x86 = Release|x86
	EndGlobalSection
	GlobalSection(ProjectConfigurationPlatforms) = postSolution
		{56DF9CD8-3DEB-415C-A542-C73FAA6EE2B1}.Debug|Any CPU.ActiveCfg = Debug|Any CPU
		{56DF9CD8-3DEB-415C-A542-C73FAA6EE2B1}.Debug|Any CPU.Build.0 = Debug|Any CPU
		{56DF9CD8-3DEB-415C-A542-C73FAA6EE2B1}.Debug|x64.ActiveCfg = Debug|Any CPU
		{56DF9CD8-3DEB-415C-A542-C73FAA6EE2B1}.Debug|x64.Build.0 = Debug|Any CPU
		{56DF9CD8-3DEB-415C-A542-C73FAA6EE2B1}.Debug|x86.ActiveCfg = Debug|Any CPU
		{56DF9CD8-3DEB-415C-A542-C73FAA6EE2B1}.Debug|x86.Build.0 = Debug|Any CPU
		{56DF9CD8-3DEB-415C-A542-C73FAA6EE2B1}.Release|Any CPU.ActiveCfg = Release|Any CPU
		{56DF9CD8-3DEB-415C-A542-C73FAA6EE2B1}.Release|Any CPU.Build.0 = Release|Any CPU
		{56DF9CD8-3DEB-415C-A542-C73FAA6EE2B1}.Release|x64.ActiveCfg = Release|Any CPU
		{56DF9CD8-3DEB-415C-A542-C73FAA6EE2B1}.Release|x64.Build.0 = Release|Any CPU
		{56DF9CD8-3DEB-415C-A542-C73FAA6EE2B1}.Release|x86.ActiveCfg = Release|Any CPU
		{56DF9CD8-3DEB-415C-A542-C73FAA6EE2B1}.Release|x86.Build.0 = Release|Any CPU
		{E3F70E1C-95C8-4E3F-A27B-5A6EEEFAD3DB}.Debug|Any CPU.ActiveCfg = Debug|Any CPU
		{E3F70E1C-95C8-4E3F-A27B-5A6EEEFAD3DB}.Debug|Any CPU.Build.0 = Debug|Any CPU
		{E3F70E1C-95C8-4E3F-A27B-5A6EEEFAD3DB}.Debug|x64.ActiveCfg = Debug|Any CPU
		{E3F70E1C-95C8-4E3F-A27B-5A6EEEFAD3DB}.Debug|x64.Build.0 = Debug|Any CPU
		{E3F70E1C-95C8-4E3F-A27B-5A6EEEFAD3DB}.Debug|x86.ActiveCfg = Debug|Any CPU
		{E3F70E1C-95C8-4E3F-A27B-5A6EEEFAD3DB}.Debug|x86.Build.0 = Debug|Any CPU
		{E3F70E1C-95C8-4E3F-A27B-5A6EEEFAD3DB}.Release|Any CPU.ActiveCfg = Release|Any CPU
		{E3F70E1C-95C8-4E3F-A27B-5A6EEEFAD3DB}.Release|Any CPU.Build.0 = Release|Any CPU
		{E3F70E1C-95C8-4E3F-A27B-5A6EEEFAD3DB}.Release|x64.ActiveCfg = Release|Any CPU
		{E3F70E1C-95C8-4E3F-A27B-5A6EEEFAD3DB}.Release|x64.Build.0 = Release|Any CPU
		{E3F70E1C-95C8-4E3F-A27B-5A6EEEFAD3DB}.Release|x86.ActiveCfg = Release|Any CPU
		{E3F70E1C-95C8-4E3F-A27B-5A6EEEFAD3DB}.Release|x86.Build.0 = Release|Any CPU
		{48CFBFC2-BBD2-4590-8FA0-A590B2BA9BB9}.Debug|Any CPU.ActiveCfg = Debug|Any CPU
		{48CFBFC2-BBD2-4590-8FA0-A590B2BA9BB9}.Debug|Any CPU.Build.0 = Debug|Any CPU
		{48CFBFC2-BBD2-4590-8FA0-A590B2BA9BB9}.Debug|x64.ActiveCfg = Debug|Any CPU
		{48CFBFC2-BBD2-4590-8FA0-A590B2BA9BB9}.Debug|x64.Build.0 = Debug|Any CPU
		{48CFBFC2-BBD2-4590-8FA0-A590B2BA9BB9}.Debug|x86.ActiveCfg = Debug|Any CPU
		{48CFBFC2-BBD2-4590-8FA0-A590B2BA9BB9}.Debug|x86.Build.0 = Debug|Any CPU
		{48CFBFC2-BBD2-4590-8FA0-A590B2BA9BB9}.Release|Any CPU.ActiveCfg = Release|Any CPU
		{48CFBFC2-BBD2-4590-8FA0-A590B2BA9BB9}.Release|Any CPU.Build.0 = Release|Any CPU
		{48CFBFC2-BBD2-4590-8FA0-A590B2BA9BB9}.Release|x64.ActiveCfg = Release|Any CPU
		{48CFBFC2-BBD2-4590-8FA0-A590B2BA9BB9}.Release|x64.Build.0 = Release|Any CPU
		{48CFBFC2-BBD2-4590-8FA0-A590B2BA9BB9}.Release|x86.ActiveCfg = Release|Any CPU
		{48CFBFC2-BBD2-4590-8FA0-A590B2BA9BB9}.Release|x86.Build.0 = Release|Any CPU
		{50F819BB-0C73-499B-AE5B-C1A6E85A3B81}.Debug|Any CPU.ActiveCfg = Debug|Any CPU
		{50F819BB-0C73-499B-AE5B-C1A6E85A3B81}.Debug|Any CPU.Build.0 = Debug|Any CPU
		{50F819BB-0C73-499B-AE5B-C1A6E85A3B81}.Debug|x64.ActiveCfg = Debug|Any CPU
		{50F819BB-0C73-499B-AE5B-C1A6E85A3B81}.Debug|x64.Build.0 = Debug|Any CPU
		{50F819BB-0C73-499B-AE5B-C1A6E85A3B81}.Debug|x86.ActiveCfg = Debug|Any CPU
		{50F819BB-0C73-499B-AE5B-C1A6E85A3B81}.Debug|x86.Build.0 = Debug|Any CPU
		{50F819BB-0C73-499B-AE5B-C1A6E85A3B81}.Release|Any CPU.ActiveCfg = Release|Any CPU
		{50F819BB-0C73-499B-AE5B-C1A6E85A3B81}.Release|Any CPU.Build.0 = Release|Any CPU
		{50F819BB-0C73-499B-AE5B-C1A6E85A3B81}.Release|x64.ActiveCfg = Release|Any CPU
		{50F819BB-0C73-499B-AE5B-C1A6E85A3B81}.Release|x64.Build.0 = Release|Any CPU
		{50F819BB-0C73-499B-AE5B-C1A6E85A3B81}.Release|x86.ActiveCfg = Release|Any CPU
		{50F819BB-0C73-499B-AE5B-C1A6E85A3B81}.Release|x86.Build.0 = Release|Any CPU
		{5106B017-F970-424B-B984-2BFBFCF20AAC}.Debug|Any CPU.ActiveCfg = Debug|Any CPU
		{5106B017-F970-424B-B984-2BFBFCF20AAC}.Debug|Any CPU.Build.0 = Debug|Any CPU
		{5106B017-F970-424B-B984-2BFBFCF20AAC}.Debug|x64.ActiveCfg = Debug|Any CPU
		{5106B017-F970-424B-B984-2BFBFCF20AAC}.Debug|x64.Build.0 = Debug|Any CPU
		{5106B017-F970-424B-B984-2BFBFCF20AAC}.Debug|x86.ActiveCfg = Debug|Any CPU
		{5106B017-F970-424B-B984-2BFBFCF20AAC}.Debug|x86.Build.0 = Debug|Any CPU
		{5106B017-F970-424B-B984-2BFBFCF20AAC}.Release|Any CPU.ActiveCfg = Release|Any CPU
		{5106B017-F970-424B-B984-2BFBFCF20AAC}.Release|Any CPU.Build.0 = Release|Any CPU
		{5106B017-F970-424B-B984-2BFBFCF20AAC}.Release|x64.ActiveCfg = Release|Any CPU
		{5106B017-F970-424B-B984-2BFBFCF20AAC}.Release|x64.Build.0 = Release|Any CPU
		{5106B017-F970-424B-B984-2BFBFCF20AAC}.Release|x86.ActiveCfg = Release|Any CPU
		{5106B017-F970-424B-B984-2BFBFCF20AAC}.Release|x86.Build.0 = Release|Any CPU
		{6AF980F2-4FBF-4BB8-969B-FEEBFE52E0E1}.Debug|Any CPU.ActiveCfg = Debug|Any CPU
		{6AF980F2-4FBF-4BB8-969B-FEEBFE52E0E1}.Debug|Any CPU.Build.0 = Debug|Any CPU
		{6AF980F2-4FBF-4BB8-969B-FEEBFE52E0E1}.Debug|x64.ActiveCfg = Debug|Any CPU
		{6AF980F2-4FBF-4BB8-969B-FEEBFE52E0E1}.Debug|x64.Build.0 = Debug|Any CPU
		{6AF980F2-4FBF-4BB8-969B-FEEBFE52E0E1}.Debug|x86.ActiveCfg = Debug|Any CPU
		{6AF980F2-4FBF-4BB8-969B-FEEBFE52E0E1}.Debug|x86.Build.0 = Debug|Any CPU
		{6AF980F2-4FBF-4BB8-969B-FEEBFE52E0E1}.Release|Any CPU.ActiveCfg = Release|Any CPU
		{6AF980F2-4FBF-4BB8-969B-FEEBFE52E0E1}.Release|Any CPU.Build.0 = Release|Any CPU
		{6AF980F2-4FBF-4BB8-969B-FEEBFE52E0E1}.Release|x64.ActiveCfg = Release|Any CPU
		{6AF980F2-4FBF-4BB8-969B-FEEBFE52E0E1}.Release|x64.Build.0 = Release|Any CPU
		{6AF980F2-4FBF-4BB8-969B-FEEBFE52E0E1}.Release|x86.ActiveCfg = Release|Any CPU
		{6AF980F2-4FBF-4BB8-969B-FEEBFE52E0E1}.Release|x86.Build.0 = Release|Any CPU
	EndGlobalSection
	GlobalSection(SolutionProperties) = preSolution
		HideSolutionNode = FALSE
	EndGlobalSection
	GlobalSection(NestedProjects) = preSolution
		{DC3C8E7A-3FCC-F5B4-0F43-153B985B0DAF} = {E0646F15-01CD-F564-1BA1-3B06AC80F086}
		{56DF9CD8-3DEB-415C-A542-C73FAA6EE2B1} = {DC3C8E7A-3FCC-F5B4-0F43-153B985B0DAF}
		{E3F70E1C-95C8-4E3F-A27B-5A6EEEFAD3DB} = {DC3C8E7A-3FCC-F5B4-0F43-153B985B0DAF}
		{48CFBFC2-BBD2-4590-8FA0-A590B2BA9BB9} = {DC3C8E7A-3FCC-F5B4-0F43-153B985B0DAF}
		{50F819BB-0C73-499B-AE5B-C1A6E85A3B81} = {DC3C8E7A-3FCC-F5B4-0F43-153B985B0DAF}
		{5106B017-F970-424B-B984-2BFBFCF20AAC} = {DC3C8E7A-3FCC-F5B4-0F43-153B985B0DAF}
		{6AF980F2-4FBF-4BB8-969B-FEEBFE52E0E1} = {DC3C8E7A-3FCC-F5B4-0F43-153B985B0DAF}
	EndGlobalSection
EndGlobal
